
Microsoft Visual Studio Solution File, Format Version 10.00
# Visual C++ Express 2008
Project("{8BC9CEB8-8B4A-11D0-8D11-00A0C91BC942}") = "mex", "mex.vcproj", "{79D78982-4728-441D-BCC3-5EF06C836B91}"
EndProject
Project("{8BC9CEB8-8B4A-11D0-8D11-00A0C91BC942}") = "test.mjpeg", "tests\test.mjpeg.vcproj", "{49381D54-0315-4A48-B905-F0597EEB3C86}"
	ProjectSection(ProjectDependencies) = postProject
		{79D78982-4728-441D-BCC3-5EF06C836B91} = {79D78982-4728-441D-BCC3-5EF06C836B91}
	EndProjectSection
EndProject
Project("{8BC9CEB8-8B4A-11D0-8D11-00A0C91BC942}") = "type-code", "tests\type-code.vcproj", "{D24FCD2A-D168-4279-ABCF-DEFD7178D520}"
	ProjectSection(ProjectDependencies) = postProject
		{79D78982-4728-441D-BCC3-5EF06C836B91} = {79D78982-4728-441D-BCC3-5EF06C836B91}
	EndProjectSection
EndProject
Global
	GlobalSection(SolutionConfigurationPlatforms) = preSolution
		Debug|Win32 = Debug|Win32
		Debug|x64 = Debug|x64
		Release|Win32 = Release|Win32
		Release|x64 = Release|x64
	EndGlobalSection
	GlobalSection(ProjectConfigurationPlatforms) = postSolution
		{79D78982-4728-441D-BCC3-5EF06C836B91}.Debug|Win32.ActiveCfg = Debug|Win32
		{79D78982-4728-441D-BCC3-5EF06C836B91}.Debug|Win32.Build.0 = Debug|Win32
		{79D78982-4728-441D-BCC3-5EF06C836B91}.Debug|x64.ActiveCfg = Debug|x64
		{79D78982-4728-441D-BCC3-5EF06C836B91}.Debug|x64.Build.0 = Debug|x64
		{79D78982-4728-441D-BCC3-5EF06C836B91}.Release|Win32.ActiveCfg = Release|Win32
		{79D78982-4728-441D-BCC3-5EF06C836B91}.Release|Win32.Build.0 = Release|Win32
		{79D78982-4728-441D-BCC3-5EF06C836B91}.Release|x64.ActiveCfg = Release|x64
		{79D78982-4728-441D-BCC3-5EF06C836B91}.Release|x64.Build.0 = Release|x64
		{49381D54-0315-4A48-B905-F0597EEB3C86}.Debug|Win32.ActiveCfg = Debug|Win32
		{49381D54-0315-4A48-B905-F0597EEB3C86}.Debug|Win32.Build.0 = Debug|Win32
		{49381D54-0315-4A48-B905-F0597EEB3C86}.Debug|x64.ActiveCfg = Debug|x64
		{49381D54-0315-4A48-B905-F0597EEB3C86}.Debug|x64.Build.0 = Debug|x64
		{49381D54-0315-4A48-B905-F0597EEB3C86}.Release|Win32.ActiveCfg = Release|Win32
		{49381D54-0315-4A48-B905-F0597EEB3C86}.Release|Win32.Build.0 = Release|Win32
		{49381D54-0315-4A48-B905-F0597EEB3C86}.Release|x64.ActiveCfg = Release|x64
		{49381D54-0315-4A48-B905-F0597EEB3C86}.Release|x64.Build.0 = Release|x64
		{D24FCD2A-D168-4279-ABCF-DEFD7178D520}.Debug|Win32.ActiveCfg = Debug|Win32
		{D24FCD2A-D168-4279-ABCF-DEFD7178D520}.Debug|Win32.Build.0 = Debug|Win32
		{D24FCD2A-D168-4279-ABCF-DEFD7178D520}.Debug|x64.ActiveCfg = Debug|Win32
		{D24FCD2A-D168-4279-ABCF-DEFD7178D520}.Release|Win32.ActiveCfg = Release|Win32
		{D24FCD2A-D168-4279-ABCF-DEFD7178D520}.Release|Win32.Build.0 = Release|Win32
		{D24FCD2A-D168-4279-ABCF-DEFD7178D520}.Release|x64.ActiveCfg = Release|Win32
	EndGlobalSection
	GlobalSection(SolutionProperties) = preSolution
		HideSolutionNode = FALSE
	EndGlobalSection
EndGlobal
